version = 1
revision = 2
requires-python = ">=3.13"

[[package]]
name = "cffi"
version = "1.17.1"
source = { registry = "https://pypi.org/simple" }
dependencies = [
    { name = "pycparser" },
]
sdist = { url = "https://files.pythonhosted.org/packages/fc/97/c783634659c2920c3fc70419e3af40972dbaf758daa229a7d6ea6135c90d/cffi-1.17.1.tar.gz", hash = "sha256:1c39c6016c32bc48dd54561950ebd6836e1670f2ae46128f67cf49e789c52824", size = 516621, upload-time = "2024-09-04T20:45:21.852Z" }
wheels = [
    { url = "https://files.pythonhosted.org/packages/8d/f8/dd6c246b148639254dad4d6803eb6a54e8c85c6e11ec9df2cffa87571dbe/cffi-1.17.1-cp313-cp313-macosx_10_13_x86_64.whl", hash = "sha256:f3a2b4222ce6b60e2e8b337bb9596923045681d71e5a082783484d845390938e", size = 182989, upload-time = "2024-09-04T20:44:28.956Z" },
    { url = "https://files.pythonhosted.org/packages/8b/f1/672d303ddf17c24fc83afd712316fda78dc6fce1cd53011b839483e1ecc8/cffi-1.17.1-cp313-cp313-macosx_11_0_arm64.whl", hash = "sha256:0984a4925a435b1da406122d4d7968dd861c1385afe3b45ba82b750f229811e2", size = 178802, upload-time = "2024-09-04T20:44:30.289Z" },
    { url = "https://files.pythonhosted.org/packages/0e/2d/eab2e858a91fdff70533cab61dcff4a1f55ec60425832ddfdc9cd36bc8af/cffi-1.17.1-cp313-cp313-manylinux_2_12_i686.manylinux2010_i686.manylinux_2_17_i686.manylinux2014_i686.whl", hash = "sha256:d01b12eeeb4427d3110de311e1774046ad344f5b1a7403101878976ecd7a10f3", size = 454792, upload-time = "2024-09-04T20:44:32.01Z" },
    { url = "https://files.pythonhosted.org/packages/75/b2/fbaec7c4455c604e29388d55599b99ebcc250a60050610fadde58932b7ee/cffi-1.17.1-cp313-cp313-manylinux_2_17_aarch64.manylinux2014_aarch64.whl", hash = "sha256:706510fe141c86a69c8ddc029c7910003a17353970cff3b904ff0686a5927683", size = 478893, upload-time = "2024-09-04T20:44:33.606Z" },
    { url = "https://files.pythonhosted.org/packages/4f/b7/6e4a2162178bf1935c336d4da8a9352cccab4d3a5d7914065490f08c0690/cffi-1.17.1-cp313-cp313-manylinux_2_17_ppc64le.manylinux2014_ppc64le.whl", hash = "sha256:de55b766c7aa2e2a3092c51e0483d700341182f08e67c63630d5b6f200bb28e5", size = 485810, upload-time = "2024-09-04T20:44:35.191Z" },
    { url = "https://files.pythonhosted.org/packages/c7/8a/1d0e4a9c26e54746dc08c2c6c037889124d4f59dffd853a659fa545f1b40/cffi-1.17.1-cp313-cp313-manylinux_2_17_s390x.manylinux2014_s390x.whl", hash = "sha256:c59d6e989d07460165cc5ad3c61f9fd8f1b4796eacbd81cee78957842b834af4", size = 471200, upload-time = "2024-09-04T20:44:36.743Z" },
    { url = "https://files.pythonhosted.org/packages/26/9f/1aab65a6c0db35f43c4d1b4f580e8df53914310afc10ae0397d29d697af4/cffi-1.17.1-cp313-cp313-manylinux_2_17_x86_64.manylinux2014_x86_64.whl", hash = "sha256:dd398dbc6773384a17fe0d3e7eeb8d1a21c2200473ee6806bb5e6a8e62bb73dd", size = 479447, upload-time = "2024-09-04T20:44:38.492Z" },
    { url = "https://files.pythonhosted.org/packages/5f/e4/fb8b3dd8dc0e98edf1135ff067ae070bb32ef9d509d6cb0f538cd6f7483f/cffi-1.17.1-cp313-cp313-musllinux_1_1_aarch64.whl", hash = "sha256:3edc8d958eb099c634dace3c7e16560ae474aa3803a5df240542b305d14e14ed", size = 484358, upload-time = "2024-09-04T20:44:40.046Z" },
    { url = "https://files.pythonhosted.org/packages/f1/47/d7145bf2dc04684935d57d67dff9d6d795b2ba2796806bb109864be3a151/cffi-1.17.1-cp313-cp313-musllinux_1_1_x86_64.whl", hash = "sha256:72e72408cad3d5419375fc87d289076ee319835bdfa2caad331e377589aebba9", size = 488469, upload-time = "2024-09-04T20:44:41.616Z" },
    { url = "https://files.pythonhosted.org/packages/bf/ee/f94057fa6426481d663b88637a9a10e859e492c73d0384514a17d78ee205/cffi-1.17.1-cp313-cp313-win32.whl", hash = "sha256:e03eab0a8677fa80d646b5ddece1cbeaf556c313dcfac435ba11f107ba117b5d", size = 172475, upload-time = "2024-09-04T20:44:43.733Z" },
    { url = "https://files.pythonhosted.org/packages/7c/fc/6a8cb64e5f0324877d503c854da15d76c1e50eb722e320b15345c4d0c6de/cffi-1.17.1-cp313-cp313-win_amd64.whl", hash = "sha256:f6a16c31041f09ead72d69f583767292f750d24913dadacf5756b966aacb3f1a", size = 182009, upload-time = "2024-09-04T20:44:45.309Z" },
]

[[package]]
name = "franka-control-client"
version = "0.1.0"
source = { virtual = "." }
dependencies = [
    { name = "pyzmq" },
]

[package.metadata]
requires-dist = [{ name = "pyzmq", specifier = ">=26.4.0" }]

[[package]]
name = "pycparser"
version = "2.22"
source = { registry = "https://pypi.org/simple" }
sdist = { url = "https://files.pythonhosted.org/packages/1d/b2/31537cf4b1ca988837256c910a668b553fceb8f069bedc4b1c826024b52c/pycparser-2.22.tar.gz", hash = "sha256:491c8be9c040f5390f5bf44a5b07752bd07f56edf992381b05c701439eec10f6", size = 172736, upload-time = "2024-03-30T13:22:22.564Z" }
wheels = [
    { url = "https://files.pythonhosted.org/packages/13/a3/a812df4e2dd5696d1f351d58b8fe16a405b234ad2886a0dab9183fb78109/pycparser-2.22-py3-none-any.whl", hash = "sha256:c3702b6d3dd8c7abc1afa565d7e63d53a1d0bd86cdc24edd75470f4de499cfcc", size = 117552, upload-time = "2024-03-30T13:22:20.476Z" },
]

[[package]]
name = "pyzmq"
version = "26.4.0"
source = { registry = "https://pypi.org/simple" }
dependencies = [
    { name = "cffi", marker = "implementation_name == 'pypy'" },
]
sdist = { url = "https://files.pythonhosted.org/packages/b1/11/b9213d25230ac18a71b39b3723494e57adebe36e066397b961657b3b41c1/pyzmq-26.4.0.tar.gz", hash = "sha256:4bd13f85f80962f91a651a7356fe0472791a5f7a92f227822b5acf44795c626d", size = 278293, upload-time = "2025-04-04T12:05:44.049Z" }
wheels = [
    { url = "https://files.pythonhosted.org/packages/d7/20/fb2c92542488db70f833b92893769a569458311a76474bda89dc4264bd18/pyzmq-26.4.0-cp313-cp313-macosx_10_15_universal2.whl", hash = "sha256:c43fac689880f5174d6fc864857d1247fe5cfa22b09ed058a344ca92bf5301e3", size = 1339484, upload-time = "2025-04-04T12:04:00.671Z" },
    { url = "https://files.pythonhosted.org/packages/58/29/2f06b9cabda3a6ea2c10f43e67ded3e47fc25c54822e2506dfb8325155d4/pyzmq-26.4.0-cp313-cp313-manylinux_2_17_aarch64.manylinux2014_aarch64.whl", hash = "sha256:902aca7eba477657c5fb81c808318460328758e8367ecdd1964b6330c73cae43", size = 666106, upload-time = "2025-04-04T12:04:02.366Z" },
    { url = "https://files.pythonhosted.org/packages/77/e4/dcf62bd29e5e190bd21bfccaa4f3386e01bf40d948c239239c2f1e726729/pyzmq-26.4.0-cp313-cp313-manylinux_2_17_i686.manylinux2014_i686.whl", hash = "sha256:e5e48a830bfd152fe17fbdeaf99ac5271aa4122521bf0d275b6b24e52ef35eb6", size = 902056, upload-time = "2025-04-04T12:04:03.919Z" },
    { url = "https://files.pythonhosted.org/packages/1a/cf/b36b3d7aea236087d20189bec1a87eeb2b66009731d7055e5c65f845cdba/pyzmq-26.4.0-cp313-cp313-manylinux_2_17_x86_64.manylinux2014_x86_64.whl", hash = "sha256:31be2b6de98c824c06f5574331f805707c667dc8f60cb18580b7de078479891e", size = 860148, upload-time = "2025-04-04T12:04:05.581Z" },
    { url = "https://files.pythonhosted.org/packages/18/a6/f048826bc87528c208e90604c3bf573801e54bd91e390cbd2dfa860e82dc/pyzmq-26.4.0-cp313-cp313-manylinux_2_28_x86_64.whl", hash = "sha256:6332452034be001bbf3206ac59c0d2a7713de5f25bb38b06519fc6967b7cf771", size = 855983, upload-time = "2025-04-04T12:04:07.096Z" },
    { url = "https://files.pythonhosted.org/packages/0a/27/454d34ab6a1d9772a36add22f17f6b85baf7c16e14325fa29e7202ca8ee8/pyzmq-26.4.0-cp313-cp313-musllinux_1_1_aarch64.whl", hash = "sha256:da8c0f5dd352136853e6a09b1b986ee5278dfddfebd30515e16eae425c872b30", size = 1197274, upload-time = "2025-04-04T12:04:08.523Z" },
    { url = "https://files.pythonhosted.org/packages/f4/3d/7abfeab6b83ad38aa34cbd57c6fc29752c391e3954fd12848bd8d2ec0df6/pyzmq-26.4.0-cp313-cp313-musllinux_1_1_i686.whl", hash = "sha256:f4ccc1a0a2c9806dda2a2dd118a3b7b681e448f3bb354056cad44a65169f6d86", size = 1507120, upload-time = "2025-04-04T12:04:10.58Z" },
    { url = "https://files.pythonhosted.org/packages/13/ff/bc8d21dbb9bc8705126e875438a1969c4f77e03fc8565d6901c7933a3d01/pyzmq-26.4.0-cp313-cp313-musllinux_1_1_x86_64.whl", hash = "sha256:1c0b5fceadbab461578daf8d1dcc918ebe7ddd2952f748cf30c7cf2de5d51101", size = 1406738, upload-time = "2025-04-04T12:04:12.509Z" },
    { url = "https://files.pythonhosted.org/packages/f5/5d/d4cd85b24de71d84d81229e3bbb13392b2698432cf8fdcea5afda253d587/pyzmq-26.4.0-cp313-cp313-win32.whl", hash = "sha256:28e2b0ff5ba4b3dd11062d905682bad33385cfa3cc03e81abd7f0822263e6637", size = 577826, upload-time = "2025-04-04T12:04:14.289Z" },
    { url = "https://files.pythonhosted.org/packages/c6/6c/f289c1789d7bb6e5a3b3bef7b2a55089b8561d17132be7d960d3ff33b14e/pyzmq-26.4.0-cp313-cp313-win_amd64.whl", hash = "sha256:23ecc9d241004c10e8b4f49d12ac064cd7000e1643343944a10df98e57bc544b", size = 640406, upload-time = "2025-04-04T12:04:15.757Z" },
    { url = "https://files.pythonhosted.org/packages/b3/99/676b8851cb955eb5236a0c1e9ec679ea5ede092bf8bf2c8a68d7e965cac3/pyzmq-26.4.0-cp313-cp313-win_arm64.whl", hash = "sha256:1edb0385c7f025045d6e0f759d4d3afe43c17a3d898914ec6582e6f464203c08", size = 556216, upload-time = "2025-04-04T12:04:17.212Z" },
    { url = "https://files.pythonhosted.org/packages/65/c2/1fac340de9d7df71efc59d9c50fc7a635a77b103392d1842898dd023afcb/pyzmq-26.4.0-cp313-cp313t-macosx_10_15_universal2.whl", hash = "sha256:93a29e882b2ba1db86ba5dd5e88e18e0ac6b627026c5cfbec9983422011b82d4", size = 1333769, upload-time = "2025-04-04T12:04:18.665Z" },
    { url = "https://files.pythonhosted.org/packages/5c/c7/6c03637e8d742c3b00bec4f5e4cd9d1c01b2f3694c6f140742e93ca637ed/pyzmq-26.4.0-cp313-cp313t-manylinux_2_17_aarch64.manylinux2014_aarch64.whl", hash = "sha256:cb45684f276f57110bb89e4300c00f1233ca631f08f5f42528a5c408a79efc4a", size = 658826, upload-time = "2025-04-04T12:04:20.405Z" },
    { url = "https://files.pythonhosted.org/packages/a5/97/a8dca65913c0f78e0545af2bb5078aebfc142ca7d91cdaffa1fbc73e5dbd/pyzmq-26.4.0-cp313-cp313t-manylinux_2_17_i686.manylinux2014_i686.whl", hash = "sha256:f72073e75260cb301aad4258ad6150fa7f57c719b3f498cb91e31df16784d89b", size = 891650, upload-time = "2025-04-04T12:04:22.413Z" },
    { url = "https://files.pythonhosted.org/packages/7d/7e/f63af1031eb060bf02d033732b910fe48548dcfdbe9c785e9f74a6cc6ae4/pyzmq-26.4.0-cp313-cp313t-manylinux_2_17_x86_64.manylinux2014_x86_64.whl", hash = "sha256:be37e24b13026cfedd233bcbbccd8c0bcd2fdd186216094d095f60076201538d", size = 849776, upload-time = "2025-04-04T12:04:23.959Z" },
    { url = "https://files.pythonhosted.org/packages/f6/fa/1a009ce582802a895c0d5fe9413f029c940a0a8ee828657a3bb0acffd88b/pyzmq-26.4.0-cp313-cp313t-manylinux_2_28_x86_64.whl", hash = "sha256:237b283044934d26f1eeff4075f751b05d2f3ed42a257fc44386d00df6a270cf", size = 842516, upload-time = "2025-04-04T12:04:25.449Z" },
    { url = "https://files.pythonhosted.org/packages/6e/bc/f88b0bad0f7a7f500547d71e99f10336f2314e525d4ebf576a1ea4a1d903/pyzmq-26.4.0-cp313-cp313t-musllinux_1_1_aarch64.whl", hash = "sha256:b30f862f6768b17040929a68432c8a8be77780317f45a353cb17e423127d250c", size = 1189183, upload-time = "2025-04-04T12:04:27.035Z" },
    { url = "https://files.pythonhosted.org/packages/d9/8c/db446a3dd9cf894406dec2e61eeffaa3c07c3abb783deaebb9812c4af6a5/pyzmq-26.4.0-cp313-cp313t-musllinux_1_1_i686.whl", hash = "sha256:c80fcd3504232f13617c6ab501124d373e4895424e65de8b72042333316f64a8", size = 1495501, upload-time = "2025-04-04T12:04:28.833Z" },
    { url = "https://files.pythonhosted.org/packages/05/4c/bf3cad0d64c3214ac881299c4562b815f05d503bccc513e3fd4fdc6f67e4/pyzmq-26.4.0-cp313-cp313t-musllinux_1_1_x86_64.whl", hash = "sha256:26a2a7451606b87f67cdeca2c2789d86f605da08b4bd616b1a9981605ca3a364", size = 1395540, upload-time = "2025-04-04T12:04:30.562Z" },
]
